{"version":4,"terraform_version":"1.9.1","serial":2,"lineage":"76d6a959-c00d-8002-d5dc-325e02e328ab","outputs":{},"resources":[{"mode":"managed","type":"random_password","name":"debian_container_password","provider":"provider[\"registry.opentofu.org/hashicorp/random\"]","instances":[{"schema_version":3,"attributes":{"bcrypt_hash":"$2a$10$bOj8DmJHbiwk1dNffFNU8eZRZG6e0aayB.mEBGXFN5KXNzSefSlj6","id":"none","keepers":null,"length":16,"lower":true,"min_lower":0,"min_numeric":0,"min_special":0,"min_upper":0,"number":true,"numeric":true,"override_special":"_%@","result":"T78Auld_LxzexfTK","special":true,"upper":true},"sensitive_attributes":[[{"type":"get_attr","value":"bcrypt_hash"}],[{"type":"get_attr","value":"result"}]]}]}],"check_results":null}
