{"version":4,"terraform_version":"1.9.1","serial":29,"lineage":"76d6a959-c00d-8002-d5dc-325e02e328ab","outputs":{},"resources":[{"mode":"managed","type":"null_resource","name":"ansible","provider":"provider[\"registry.opentofu.org/hashicorp/null\"]","instances":[{"schema_version":0,"attributes":{"id":"5585053012899333729","triggers":null},"sensitive_attributes":[],"dependencies":["module.twingate.proxmox_virtual_environment_container.this","module.twingate.random_password.this","null_resource.wait_for"]}]},{"mode":"managed","type":"null_resource","name":"wait_for","provider":"provider[\"registry.opentofu.org/hashicorp/null\"]","instances":[{"schema_version":0,"attributes":{"id":"4918070408389353029","triggers":null},"sensitive_attributes":[],"dependencies":["module.twingate.proxmox_virtual_environment_container.this","module.twingate.random_password.this"]}]},{"module":"module.twingate","mode":"managed","type":"proxmox_virtual_environment_container","name":"this","provider":"provider[\"registry.opentofu.org/bpg/proxmox\"]","instances":[{"schema_version":0,"attributes":{"clone":[],"console":[],"cpu":[{"architecture":"amd64","cores":2,"units":1024}],"description":"Managed by Opentofu\n","device_passthrough":[],"disk":[{"datastore_id":"local-lvm","size":8}],"features":[{"fuse":false,"keyctl":false,"mount":null,"nesting":true}],"hook_script_file_id":null,"id":"111","initialization":[{"dns":[],"hostname":"twingate","ip_config":[{"ipv4":[{"address":"192.168.1.111/24","gateway":"192.168.1.254"}],"ipv6":[]}],"user_account":[{"keys":["ssh-rsa AAAAB3NzaC1yc2EAAAADAQABAAABgQCjjbJIg44LvJIJFoh2jFNPeYI8dwevojaopDCiSyLbFUBADTbHPVoCXT62oF4Z+V+9FuYudgLqFkXSxRdrHxrsQClWoZwikT/oowB0tmhQyUQEgk8fsz8cM3GBWhdTS35Rh3CgoBASmeJYuKdsfWzWRRpJl93V1iOUJh5AIwUkBK+xTx7QJcgWIxh2FdyBqUgQfSEEPLnZygMD9UX5LPxI5VROZcpgmryKECxvLX2HCHhaBAtIZ2IiAMPuScAjXnTgAkT3FgcCQRzCBk0ewX41BomBzoIG6QL7ag+mguSLqaCv9INLhL5WZ2E/9Xcm2s5nYf2i5jV8IB5UJZ57ZnFAYRGYVsLSMvRnGrcmlcBce/IPfLoaVixUAoogsbA7iVVprFwxp/6v+rqyNfxUmRp1pZoUNc52hfuWDYDbtGffG/sAqhHaKSsHL+peSYfwBpnhrSo4EFNMhpHRnS7DRrU98SbgHEY2z+cPK9AtYHZwJPAb909LLWiRXY7CLriQbD8= root@DESKTOP-VL2A6HC\n"],"password":"pLRXADVD2J6zG8sg"}]}],"memory":[{"dedicated":1024,"swap":512}],"mount_point":[],"network_interface":[{"bridge":"vmbr0","enabled":true,"firewall":true,"mac_address":"BC:24:11:5F:05:23","mtu":0,"name":"eth0","rate_limit":0,"vlan_id":0}],"node_name":"pve","operating_system":[{"template_file_id":"local:vztmpl/debian-12-standard_12.2-1_amd64.tar.zst","type":"debian"}],"pool_id":null,"protection":false,"start_on_boot":true,"started":true,"startup":[],"tags":[],"template":false,"timeout_clone":1800,"timeout_create":1800,"timeout_delete":60,"timeout_start":300,"timeout_update":1800,"unprivileged":false,"vm_id":111},"sensitive_attributes":[[{"type":"get_attr","value":"initialization"},{"type":"index","value":{"value":0,"type":"number"}},{"type":"get_attr","value":"user_account"},{"type":"index","value":{"value":0,"type":"number"}},{"type":"get_attr","value":"password"}]],"private":"bnVsbA==","dependencies":["module.twingate.random_password.this"]}]},{"module":"module.twingate","mode":"managed","type":"random_password","name":"this","provider":"provider[\"registry.opentofu.org/hashicorp/random\"]","instances":[{"schema_version":3,"attributes":{"bcrypt_hash":"$2a$10$C4RGcBOzDdpq23veHU5vZ.ilbGNIdgA3ndlCH8cYfYQPLkEonFY2u","id":"none","keepers":null,"length":16,"lower":true,"min_lower":0,"min_numeric":0,"min_special":0,"min_upper":0,"number":true,"numeric":true,"override_special":"_%@","result":"pLRXADVD2J6zG8sg","special":true,"upper":true},"sensitive_attributes":[[{"type":"get_attr","value":"bcrypt_hash"}],[{"type":"get_attr","value":"result"}]]}]}],"check_results":null}
